
Microsoft Visual Studio Solution File, Format Version 12.00
# Visual Studio Version 17
VisualStudioVersion = 17.3.32929.385
MinimumVisualStudioVersion = 10.0.40219.1
Project("{FAE04EC0-301F-11D3-BF4B-00C04F79EFBC}") = "AOCSolutions", "AOCSolutions\AOCSolutions.csproj", "{DAC509E0-05DD-4BC3-B177-9D7A79B72ED8}"
EndProject
Project("{FAE04EC0-301F-11D3-BF4B-00C04F79EFBC}") = "AOCTests", "AOCTests\AOCTests.csproj", "{A3E74284-0F32-41B6-B3CD-AEE7D04D8548}"
EndProject
Project("{2150E333-8FDC-42A3-9474-1A3956D46DE8}") = "AOCInputs", "AOCInputs", "{D76AC052-AE67-4C18-AA1D-67A2F81C732D}"
	ProjectSection(SolutionItems) = preProject
		AOCInputs\Day1.txt = AOCInputs\Day1.txt
		AOCInputs\TestDay1.txt = AOCInputs\TestDay1.txt
		Day2.txt = Day2.txt
		TestDay2.txt = TestDay2.txt
	EndProjectSection
EndProject
Global
	GlobalSection(SolutionConfigurationPlatforms) = preSolution
		Debug|Any CPU = Debug|Any CPU
		Release|Any CPU = Release|Any CPU
	EndGlobalSection
	GlobalSection(ProjectConfigurationPlatforms) = postSolution
		{DAC509E0-05DD-4BC3-B177-9D7A79B72ED8}.Debug|Any CPU.ActiveCfg = Debug|Any CPU
		{DAC509E0-05DD-4BC3-B177-9D7A79B72ED8}.Debug|Any CPU.Build.0 = Debug|Any CPU
		{DAC509E0-05DD-4BC3-B177-9D7A79B72ED8}.Release|Any CPU.ActiveCfg = Release|Any CPU
		{DAC509E0-05DD-4BC3-B177-9D7A79B72ED8}.Release|Any CPU.Build.0 = Release|Any CPU
		{A3E74284-0F32-41B6-B3CD-AEE7D04D8548}.Debug|Any CPU.ActiveCfg = Debug|Any CPU
		{A3E74284-0F32-41B6-B3CD-AEE7D04D8548}.Debug|Any CPU.Build.0 = Debug|Any CPU
		{A3E74284-0F32-41B6-B3CD-AEE7D04D8548}.Release|Any CPU.ActiveCfg = Release|Any CPU
		{A3E74284-0F32-41B6-B3CD-AEE7D04D8548}.Release|Any CPU.Build.0 = Release|Any CPU
	EndGlobalSection
	GlobalSection(SolutionProperties) = preSolution
		HideSolutionNode = FALSE
	EndGlobalSection
	GlobalSection(ExtensibilityGlobals) = postSolution
		SolutionGuid = {98C6261A-691B-4DDA-AB51-596C1A48CB81}
	EndGlobalSection
EndGlobal
